
Microsoft Visual Studio Solution File, Format Version 12.00
# Visual Studio Version 17
VisualStudioVersion = 17.12.35707.178
MinimumVisualStudioVersion = 10.0.40219.1
Project("{8BC9CEB8-8B4A-11D0-8D11-00A0C91BC942}") = "ChessBot", "ChessBot\ChessBot.vcxproj", "{F6BB852A-4F3B-4214-B85F-F14682934A31}"
EndProject
Project("{8BC9CEB8-8B4A-11D0-8D11-00A0C91BC942}") = "ChessBotTests", "ChessBotTests\ChessBotTests.vcxproj", "{6FC1B51B-246A-4C6A-95A2-E57787D744FD}"
	ProjectSection(ProjectDependencies) = postProject
		{9D760197-3C32-4AC1-A447-7108C91E174B} = {9D760197-3C32-4AC1-A447-7108C91E174B}
	EndProjectSection
EndProject
Project("{2150E333-8FDC-42A3-9474-1A3956D46DE8}") = "Solution Items", "Solution Items", "{6618C791-7467-497A-9B3D-31AEB451D568}"
	ProjectSection(SolutionItems) = preProject
		.gitignore = .gitignore
		.github\workflows\cppcheck.yml = .github\workflows\cppcheck.yml
		Doxyfile = Doxyfile
		.github\workflows\doxygen.yml = .github\workflows\doxygen.yml
		LICENSE = LICENSE
		README.md = README.md
	EndProjectSection
EndProject
Project("{8BC9CEB8-8B4A-11D0-8D11-00A0C91BC942}") = "ChessBotCore", "ChessBotCore\ChessBotCore.vcxproj", "{9D760197-3C32-4AC1-A447-7108C91E174B}"
EndProject
Global
	GlobalSection(SolutionConfigurationPlatforms) = preSolution
		Debug|x64 = Debug|x64
		Release|x64 = Release|x64
	EndGlobalSection
	GlobalSection(ProjectConfigurationPlatforms) = postSolution
		{F6BB852A-4F3B-4214-B85F-F14682934A31}.Debug|x64.ActiveCfg = Debug|x64
		{F6BB852A-4F3B-4214-B85F-F14682934A31}.Debug|x64.Build.0 = Debug|x64
		{F6BB852A-4F3B-4214-B85F-F14682934A31}.Release|x64.ActiveCfg = Release|x64
		{F6BB852A-4F3B-4214-B85F-F14682934A31}.Release|x64.Build.0 = Release|x64
		{6FC1B51B-246A-4C6A-95A2-E57787D744FD}.Debug|x64.ActiveCfg = Debug|x64
		{6FC1B51B-246A-4C6A-95A2-E57787D744FD}.Debug|x64.Build.0 = Debug|x64
		{6FC1B51B-246A-4C6A-95A2-E57787D744FD}.Release|x64.ActiveCfg = Release|x64
		{6FC1B51B-246A-4C6A-95A2-E57787D744FD}.Release|x64.Build.0 = Release|x64
		{9D760197-3C32-4AC1-A447-7108C91E174B}.Debug|x64.ActiveCfg = Debug|x64
		{9D760197-3C32-4AC1-A447-7108C91E174B}.Debug|x64.Build.0 = Debug|x64
		{9D760197-3C32-4AC1-A447-7108C91E174B}.Release|x64.ActiveCfg = Release|x64
		{9D760197-3C32-4AC1-A447-7108C91E174B}.Release|x64.Build.0 = Release|x64
	EndGlobalSection
	GlobalSection(SolutionProperties) = preSolution
		HideSolutionNode = FALSE
	EndGlobalSection
EndGlobal
